
Microsoft Visual Studio Solution File, Format Version 11.00
# Visual Studio 2010
Project("{FAE04EC0-301F-11D3-BF4B-00C04F79EFBC}") = "Project_Master_Unity", "Assembly-CSharp.csproj", "{CD68406B-867D-72E6-3389-52F7D97F5910}"
<<<<<<< HEAD
=======
EndProject
Project("{FAE04EC0-301F-11D3-BF4B-00C04F79EFBC}") = "Project_Master_Unity", "Assembly-CSharp-Editor.csproj", "{505088F2-C7FB-89B3-FF01-A41E43FCCCBC}"
>>>>>>> 830cc1a50c1f30dad72254689bc8c1a3005d6a88
EndProject
Global
	GlobalSection(SolutionConfigurationPlatforms) = preSolution
		Debug|Any CPU = Debug|Any CPU
		Release|Any CPU = Release|Any CPU
	EndGlobalSection
	GlobalSection(ProjectConfigurationPlatforms) = postSolution
		{CD68406B-867D-72E6-3389-52F7D97F5910}.Debug|Any CPU.ActiveCfg = Debug|Any CPU
		{CD68406B-867D-72E6-3389-52F7D97F5910}.Debug|Any CPU.Build.0 = Debug|Any CPU
		{CD68406B-867D-72E6-3389-52F7D97F5910}.Release|Any CPU.ActiveCfg = Release|Any CPU
		{CD68406B-867D-72E6-3389-52F7D97F5910}.Release|Any CPU.Build.0 = Release|Any CPU
<<<<<<< HEAD
=======
		{505088F2-C7FB-89B3-FF01-A41E43FCCCBC}.Debug|Any CPU.ActiveCfg = Debug|Any CPU
		{505088F2-C7FB-89B3-FF01-A41E43FCCCBC}.Debug|Any CPU.Build.0 = Debug|Any CPU
		{505088F2-C7FB-89B3-FF01-A41E43FCCCBC}.Release|Any CPU.ActiveCfg = Release|Any CPU
		{505088F2-C7FB-89B3-FF01-A41E43FCCCBC}.Release|Any CPU.Build.0 = Release|Any CPU
>>>>>>> 830cc1a50c1f30dad72254689bc8c1a3005d6a88
	EndGlobalSection
	GlobalSection(SolutionProperties) = preSolution
		HideSolutionNode = FALSE
	EndGlobalSection
	GlobalSection(MonoDevelopProperties) = preSolution
		StartupItem = Assembly-CSharp.csproj
	EndGlobalSection
EndGlobal
